
Microsoft Visual Studio Solution File, Format Version 12.00
# Visual Studio Version 17
VisualStudioVersion = 17.4.33122.133
MinimumVisualStudioVersion = 10.0.40219.1
Project("{9A19103F-16F7-4668-BE54-9A1E7A4F7556}") = "LegacyChestFace", "LegacyChestFace\LegacyChestFace.csproj", "{4769C3A5-049D-4811-A4C5-42AE86FB638B}"
EndProject
Global
	GlobalSection(SolutionConfigurationPlatforms) = preSolution
		Debug|Any CPU = Debug|Any CPU
		Release|Any CPU = Release|Any CPU
	EndGlobalSection
	GlobalSection(ProjectConfigurationPlatforms) = postSolution
		{4769C3A5-049D-4811-A4C5-42AE86FB638B}.Debug|Any CPU.ActiveCfg = Debug|Any CPU
		{4769C3A5-049D-4811-A4C5-42AE86FB638B}.Debug|Any CPU.Build.0 = Debug|Any CPU
		{4769C3A5-049D-4811-A4C5-42AE86FB638B}.Release|Any CPU.ActiveCfg = Release|Any CPU
		{4769C3A5-049D-4811-A4C5-42AE86FB638B}.Release|Any CPU.Build.0 = Release|Any CPU
	EndGlobalSection
	GlobalSection(SolutionProperties) = preSolution
		HideSolutionNode = FALSE
	EndGlobalSection
	GlobalSection(ExtensibilityGlobals) = postSolution
		SolutionGuid = {09A95F22-7C49-439A-984E-45C8F8951D76}
	EndGlobalSection
EndGlobal
